# This is a Gradle generated file for dependency locking.
# Manual edits can break the build and are not advised.
# This file is expected to be part of source control.
ch.qos.logback:logback-classic:1.4.6=compileClasspath,implementationDependenciesMetadata,productionRuntimeClasspath,runtimeClasspath,testCompileClasspath,testImplementationDependenciesMetadata,testRuntimeClasspath
ch.qos.logback:logback-core:1.4.6=compileClasspath,implementationDependenciesMetadata,productionRuntimeClasspath,runtimeClasspath,testCompileClasspath,testImplementationDependenciesMetadata,testRuntimeClasspath
co.elastic.logging:ecs-logging-core:1.5.0=compileClasspath,implementationDependenciesMetadata,productionRuntimeClasspath,runtimeClasspath,testCompileClasspath,testImplementationDependenciesMetadata,testRuntimeClasspath
co.elastic.logging:logback-ecs-encoder:1.5.0=compileClasspath,implementationDependenciesMetadata,productionRuntimeClasspath,runtimeClasspath,testCompileClasspath,testImplementationDependenciesMetadata,testRuntimeClasspath
com.azure.spring:spring-cloud-azure-autoconfigure:4.0.0=compileClasspath,implementationDependenciesMetadata,productionRuntimeClasspath,runtimeClasspath,testCompileClasspath,testImplementationDependenciesMetadata,testRuntimeClasspath
com.azure.spring:spring-cloud-azure-core:4.0.0=compileClasspath,implementationDependenciesMetadata,productionRuntimeClasspath,runtimeClasspath,testCompileClasspath,testImplementationDependenciesMetadata,testRuntimeClasspath
com.azure.spring:spring-cloud-azure-service:4.0.0=compileClasspath,implementationDependenciesMetadata,productionRuntimeClasspath,runtimeClasspath,testCompileClasspath,testImplementationDependenciesMetadata,testRuntimeClasspath
com.azure.spring:spring-cloud-azure-starter-data-cosmos:4.0.0=compileClasspath,implementationDependenciesMetadata,productionRuntimeClasspath,runtimeClasspath,testCompileClasspath,testImplementationDependenciesMetadata,testRuntimeClasspath
com.azure.spring:spring-cloud-azure-starter:4.0.0=compileClasspath,implementationDependenciesMetadata,productionRuntimeClasspath,runtimeClasspath,testCompileClasspath,testImplementationDependenciesMetadata,testRuntimeClasspath
com.azure:azure-core-amqp:2.4.1=compileClasspath,implementationDependenciesMetadata,productionRuntimeClasspath,runtimeClasspath,testCompileClasspath,testImplementationDependenciesMetadata,testRuntimeClasspath
com.azure:azure-core-http-netty:1.11.8=compileClasspath,implementationDependenciesMetadata,productionRuntimeClasspath,runtimeClasspath,testCompileClasspath,testImplementationDependenciesMetadata,testRuntimeClasspath
com.azure:azure-core-management:1.5.3=compileClasspath,implementationDependenciesMetadata,productionRuntimeClasspath,runtimeClasspath,testCompileClasspath,testImplementationDependenciesMetadata,testRuntimeClasspath
com.azure:azure-core:1.26.0=compileClasspath,implementationDependenciesMetadata,productionRuntimeClasspath,runtimeClasspath,testCompileClasspath,testImplementationDependenciesMetadata,testRuntimeClasspath
com.azure:azure-cosmos:4.28.0=compileClasspath,implementationDependenciesMetadata,productionRuntimeClasspath,runtimeClasspath,testCompileClasspath,testImplementationDependenciesMetadata,testRuntimeClasspath
com.azure:azure-identity:1.4.6=compileClasspath,implementationDependenciesMetadata,productionRuntimeClasspath,runtimeClasspath,testCompileClasspath,testImplementationDependenciesMetadata,testRuntimeClasspath
com.azure:azure-spring-data-cosmos:3.19.0=compileClasspath,implementationDependenciesMetadata,productionRuntimeClasspath,runtimeClasspath,testCompileClasspath,testImplementationDependenciesMetadata,testRuntimeClasspath
com.fasterxml.jackson.core:jackson-annotations:2.14.2=compileClasspath,implementationDependenciesMetadata,productionRuntimeClasspath,runtimeClasspath,testCompileClasspath,testImplementationDependenciesMetadata,testRuntimeClasspath
com.fasterxml.jackson.core:jackson-core:2.14.2=compileClasspath,implementationDependenciesMetadata,productionRuntimeClasspath,runtimeClasspath,testCompileClasspath,testImplementationDependenciesMetadata,testRuntimeClasspath
com.fasterxml.jackson.core:jackson-databind:2.14.2=compileClasspath,implementationDependenciesMetadata,productionRuntimeClasspath,runtimeClasspath,testCompileClasspath,testImplementationDependenciesMetadata,testRuntimeClasspath
com.fasterxml.jackson.dataformat:jackson-dataformat-xml:2.14.2=compileClasspath,implementationDependenciesMetadata,productionRuntimeClasspath,runtimeClasspath,testCompileClasspath,testImplementationDependenciesMetadata,testRuntimeClasspath
com.fasterxml.jackson.dataformat:jackson-dataformat-yaml:2.14.2=productionRuntimeClasspath,runtimeClasspath,testRuntimeClasspath
com.fasterxml.jackson.datatype:jackson-datatype-guava:2.14.2=productionRuntimeClasspath,runtimeClasspath,testRuntimeClasspath
com.fasterxml.jackson.datatype:jackson-datatype-jdk8:2.14.2=compileClasspath,implementationDependenciesMetadata,productionRuntimeClasspath,runtimeClasspath,testCompileClasspath,testImplementationDependenciesMetadata,testRuntimeClasspath
com.fasterxml.jackson.datatype:jackson-datatype-joda:2.14.2=productionRuntimeClasspath,runtimeClasspath,testRuntimeClasspath
com.fasterxml.jackson.datatype:jackson-datatype-jsr310:2.14.2=compileClasspath,implementationDependenciesMetadata,productionRuntimeClasspath,runtimeClasspath,testCompileClasspath,testImplementationDependenciesMetadata,testRuntimeClasspath
com.fasterxml.jackson.module:jackson-module-afterburner:2.14.2=compileClasspath,implementationDependenciesMetadata,productionRuntimeClasspath,runtimeClasspath,testCompileClasspath,testImplementationDependenciesMetadata,testRuntimeClasspath
com.fasterxml.jackson.module:jackson-module-kotlin:2.14.2=compileClasspath,implementationDependenciesMetadata,productionRuntimeClasspath,runtimeClasspath,testCompileClasspath,testImplementationDependenciesMetadata,testRuntimeClasspath
com.fasterxml.jackson.module:jackson-module-parameter-names:2.14.2=compileClasspath,implementationDependenciesMetadata,productionRuntimeClasspath,runtimeClasspath,testCompileClasspath,testImplementationDependenciesMetadata,testRuntimeClasspath
com.fasterxml.jackson:jackson-bom:2.14.2=compileClasspath,implementationDependenciesMetadata,productionRuntimeClasspath,runtimeClasspath,testCompileClasspath,testImplementationDependenciesMetadata,testRuntimeClasspath
com.fasterxml.woodstox:woodstox-core:6.5.0=compileClasspath,implementationDependenciesMetadata,productionRuntimeClasspath,runtimeClasspath,testCompileClasspath,testImplementationDependenciesMetadata,testRuntimeClasspath
com.fasterxml:classmate:1.5.1=compileClasspath,implementationDependenciesMetadata,productionRuntimeClasspath,runtimeClasspath,testCompileClasspath,testImplementationDependenciesMetadata,testRuntimeClasspath
com.github.ben-manes.caffeine:caffeine:3.1.5=productionRuntimeClasspath,runtimeClasspath,testRuntimeClasspath
com.github.curious-odd-man:rgxgen:1.4=productionRuntimeClasspath,runtimeClasspath,testRuntimeClasspath
com.github.java-json-tools:btf:1.3=productionRuntimeClasspath,runtimeClasspath,testRuntimeClasspath
com.github.java-json-tools:jackson-coreutils-equivalence:1.0=productionRuntimeClasspath,runtimeClasspath,testRuntimeClasspath
com.github.java-json-tools:jackson-coreutils:2.0=productionRuntimeClasspath,runtimeClasspath,testRuntimeClasspath
com.github.java-json-tools:json-patch:1.13=productionRuntimeClasspath,runtimeClasspath,testRuntimeClasspath
com.github.java-json-tools:json-schema-core:1.2.14=productionRuntimeClasspath,runtimeClasspath,testRuntimeClasspath
com.github.java-json-tools:json-schema-validator:2.2.14=productionRuntimeClasspath,runtimeClasspath,testRuntimeClasspath
com.github.java-json-tools:msg-simple:1.2=productionRuntimeClasspath,runtimeClasspath,testRuntimeClasspath
com.github.java-json-tools:uri-template:0.10=productionRuntimeClasspath,runtimeClasspath,testRuntimeClasspath
com.github.jknack:handlebars-jackson2:4.2.1=productionRuntimeClasspath,runtimeClasspath,testRuntimeClasspath
com.github.jknack:handlebars:4.2.1=productionRuntimeClasspath,runtimeClasspath,testRuntimeClasspath
com.github.joschi.jackson:jackson-datatype-threetenbp:2.12.5=productionRuntimeClasspath,runtimeClasspath,testRuntimeClasspath
com.github.mifmif:generex:1.0.2=productionRuntimeClasspath,runtimeClasspath,testRuntimeClasspath
com.github.stephenc.jcip:jcip-annotations:1.0-1=compileClasspath,implementationDependenciesMetadata,productionRuntimeClasspath,runtimeClasspath,testCompileClasspath,testImplementationDependenciesMetadata,testRuntimeClasspath
com.google.code.findbugs:jsr305:3.0.2=compileClasspath,implementationDependenciesMetadata,productionRuntimeClasspath,runtimeClasspath,testCompileClasspath,testImplementationDependenciesMetadata,testRuntimeClasspath
com.google.errorprone:error_prone_annotations:2.18.0=productionRuntimeClasspath,runtimeClasspath,testRuntimeClasspath
com.google.guava:failureaccess:1.0.1=productionRuntimeClasspath,runtimeClasspath,testRuntimeClasspath
com.google.guava:guava:31.1-jre=productionRuntimeClasspath,runtimeClasspath,testRuntimeClasspath
com.google.guava:listenablefuture:9999.0-empty-to-avoid-conflict-with-guava=productionRuntimeClasspath,runtimeClasspath,testRuntimeClasspath
com.google.j2objc:j2objc-annotations:1.3=productionRuntimeClasspath,runtimeClasspath,testRuntimeClasspath
com.googlecode.libphonenumber:libphonenumber:8.11.1=productionRuntimeClasspath,runtimeClasspath,testRuntimeClasspath
com.jayway.jsonpath:json-path:2.7.0=testCompileClasspath,testImplementationDependenciesMetadata,testRuntimeClasspath
com.microsoft.azure:msal4j-persistence-extension:1.1.0=compileClasspath,implementationDependenciesMetadata,productionRuntimeClasspath,runtimeClasspath,testCompileClasspath,testImplementationDependenciesMetadata,testRuntimeClasspath
com.microsoft.azure:msal4j:1.11.0=compileClasspath,implementationDependenciesMetadata,productionRuntimeClasspath,runtimeClasspath,testCompileClasspath,testImplementationDependenciesMetadata,testRuntimeClasspath
com.microsoft.azure:qpid-proton-j-extensions:1.2.4=compileClasspath,implementationDependenciesMetadata,productionRuntimeClasspath,runtimeClasspath,testCompileClasspath,testImplementationDependenciesMetadata,testRuntimeClasspath
com.nimbusds:content-type:2.1=compileClasspath,implementationDependenciesMetadata,productionRuntimeClasspath,runtimeClasspath,testCompileClasspath,testImplementationDependenciesMetadata,testRuntimeClasspath
com.nimbusds:lang-tag:1.5=compileClasspath,implementationDependenciesMetadata,productionRuntimeClasspath,runtimeClasspath,testCompileClasspath,testImplementationDependenciesMetadata,testRuntimeClasspath
com.nimbusds:nimbus-jose-jwt:9.9.3=compileClasspath,implementationDependenciesMetadata,productionRuntimeClasspath,runtimeClasspath,testCompileClasspath,testImplementationDependenciesMetadata,testRuntimeClasspath
com.nimbusds:oauth2-oidc-sdk:9.7=compileClasspath,implementationDependenciesMetadata,productionRuntimeClasspath,runtimeClasspath,testCompileClasspath,testImplementationDependenciesMetadata,testRuntimeClasspath
com.samskivert:jmustache:1.15=productionRuntimeClasspath,runtimeClasspath,testRuntimeClasspath
com.sun.istack:istack-commons-runtime:4.1.1=compileClasspath,implementationDependenciesMetadata,productionRuntimeClasspath,runtimeClasspath,testCompileClasspath,testImplementationDependenciesMetadata,testRuntimeClasspath
com.sun.mail:mailapi:1.6.2=productionRuntimeClasspath,runtimeClasspath,testRuntimeClasspath
com.sun.xml.messaging.saaj:saaj-impl:3.0.0=compileClasspath,implementationDependenciesMetadata,productionRuntimeClasspath,runtimeClasspath,testCompileClasspath,testImplementationDependenciesMetadata,testRuntimeClasspath
com.vaadin.external.google:android-json:0.0.20131108.vaadin1=testCompileClasspath,testImplementationDependenciesMetadata,testRuntimeClasspath
commons-cli:commons-cli:1.5.0=productionRuntimeClasspath,runtimeClasspath,testRuntimeClasspath
commons-codec:commons-codec:1.15=compileClasspath,implementationDependenciesMetadata,productionRuntimeClasspath,runtimeClasspath,testCompileClasspath,testImplementationDependenciesMetadata,testRuntimeClasspath
commons-io:commons-io:2.11.0=productionRuntimeClasspath,runtimeClasspath,testRuntimeClasspath
dk.brics.automaton:automaton:1.11-8=productionRuntimeClasspath,runtimeClasspath,testRuntimeClasspath
io.dropwizard.metrics:metrics-core:4.2.18=compileClasspath,implementationDependenciesMetadata,productionRuntimeClasspath,runtimeClasspath,testCompileClasspath,testImplementationDependenciesMetadata,testRuntimeClasspath
io.jsonwebtoken:jjwt-api:0.11.5=compileClasspath,implementationDependenciesMetadata,productionRuntimeClasspath,runtimeClasspath,testCompileClasspath,testImplementationDependenciesMetadata,testRuntimeClasspath
io.jsonwebtoken:jjwt-impl:0.11.5=compileClasspath,implementationDependenciesMetadata,productionRuntimeClasspath,runtimeClasspath,testCompileClasspath,testImplementationDependenciesMetadata,testRuntimeClasspath
io.jsonwebtoken:jjwt-jackson:0.11.5=compileClasspath,implementationDependenciesMetadata,productionRuntimeClasspath,runtimeClasspath,testCompileClasspath,testImplementationDependenciesMetadata,testRuntimeClasspath
io.lettuce:lettuce-core:6.2.3.RELEASE=compileClasspath,implementationDependenciesMetadata,productionRuntimeClasspath,runtimeClasspath,testCompileClasspath,testImplementationDependenciesMetadata,testRuntimeClasspath
io.micrometer:micrometer-commons:1.10.5=compileClasspath,implementationDependenciesMetadata,productionRuntimeClasspath,runtimeClasspath,testCompileClasspath,testImplementationDependenciesMetadata,testRuntimeClasspath
io.micrometer:micrometer-core:1.10.5=compileClasspath,implementationDependenciesMetadata,productionRuntimeClasspath,runtimeClasspath,testCompileClasspath,testImplementationDependenciesMetadata,testRuntimeClasspath
io.micrometer:micrometer-observation:1.10.5=compileClasspath,implementationDependenciesMetadata,productionRuntimeClasspath,runtimeClasspath,testCompileClasspath,testImplementationDependenciesMetadata,testRuntimeClasspath
io.netty.incubator:netty-incubator-codec-classes-quic:0.0.38.Final=productionRuntimeClasspath,runtimeClasspath,testRuntimeClasspath
io.netty.incubator:netty-incubator-codec-native-quic:0.0.38.Final=productionRuntimeClasspath,runtimeClasspath,testRuntimeClasspath
io.netty:netty-buffer:4.1.90.Final=compileClasspath,implementationDependenciesMetadata,productionRuntimeClasspath,runtimeClasspath,testCompileClasspath,testImplementationDependenciesMetadata,testRuntimeClasspath
io.netty:netty-codec-dns:4.1.90.Final=compileClasspath,implementationDependenciesMetadata,productionRuntimeClasspath,runtimeClasspath,testCompileClasspath,testImplementationDependenciesMetadata,testRuntimeClasspath
io.netty:netty-codec-http2:4.1.90.Final=compileClasspath,implementationDependenciesMetadata,productionRuntimeClasspath,runtimeClasspath,testCompileClasspath,testImplementationDependenciesMetadata,testRuntimeClasspath
io.netty:netty-codec-http:4.1.90.Final=compileClasspath,implementationDependenciesMetadata,productionRuntimeClasspath,runtimeClasspath,testCompileClasspath,testImplementationDependenciesMetadata,testRuntimeClasspath
io.netty:netty-codec-socks:4.1.90.Final=compileClasspath,implementationDependenciesMetadata,productionRuntimeClasspath,runtimeClasspath,testCompileClasspath,testImplementationDependenciesMetadata,testRuntimeClasspath
io.netty:netty-codec:4.1.90.Final=compileClasspath,implementationDependenciesMetadata,productionRuntimeClasspath,runtimeClasspath,testCompileClasspath,testImplementationDependenciesMetadata,testRuntimeClasspath
io.netty:netty-common:4.1.90.Final=compileClasspath,implementationDependenciesMetadata,productionRuntimeClasspath,runtimeClasspath,testCompileClasspath,testImplementationDependenciesMetadata,testRuntimeClasspath
io.netty:netty-handler-proxy:4.1.90.Final=compileClasspath,implementationDependenciesMetadata,productionRuntimeClasspath,runtimeClasspath,testCompileClasspath,testImplementationDependenciesMetadata,testRuntimeClasspath
io.netty:netty-handler:4.1.90.Final=compileClasspath,implementationDependenciesMetadata,productionRuntimeClasspath,runtimeClasspath,testCompileClasspath,testImplementationDependenciesMetadata,testRuntimeClasspath
io.netty:netty-resolver-dns-classes-macos:4.1.90.Final=compileClasspath,implementationDependenciesMetadata,productionRuntimeClasspath,runtimeClasspath,testCompileClasspath,testImplementationDependenciesMetadata,testRuntimeClasspath
io.netty:netty-resolver-dns-native-macos:4.1.90.Final=compileClasspath,implementationDependenciesMetadata,productionRuntimeClasspath,runtimeClasspath,testCompileClasspath,testImplementationDependenciesMetadata,testRuntimeClasspath
io.netty:netty-resolver-dns:4.1.90.Final=compileClasspath,implementationDependenciesMetadata,productionRuntimeClasspath,runtimeClasspath,testCompileClasspath,testImplementationDependenciesMetadata,testRuntimeClasspath
io.netty:netty-resolver:4.1.90.Final=compileClasspath,implementationDependenciesMetadata,productionRuntimeClasspath,runtimeClasspath,testCompileClasspath,testImplementationDependenciesMetadata,testRuntimeClasspath
io.netty:netty-tcnative-boringssl-static:2.0.59.Final=compileClasspath,implementationDependenciesMetadata,productionRuntimeClasspath,runtimeClasspath,testCompileClasspath,testImplementationDependenciesMetadata,testRuntimeClasspath
io.netty:netty-tcnative-classes:2.0.59.Final=compileClasspath,implementationDependenciesMetadata,productionRuntimeClasspath,runtimeClasspath,testCompileClasspath,testImplementationDependenciesMetadata,testRuntimeClasspath
io.netty:netty-transport-classes-epoll:4.1.90.Final=compileClasspath,implementationDependenciesMetadata,productionRuntimeClasspath,runtimeClasspath,testCompileClasspath,testImplementationDependenciesMetadata,testRuntimeClasspath
io.netty:netty-transport-classes-kqueue:4.1.90.Final=compileClasspath,implementationDependenciesMetadata,productionRuntimeClasspath,runtimeClasspath,testCompileClasspath,testImplementationDependenciesMetadata,testRuntimeClasspath
io.netty:netty-transport-native-epoll:4.1.90.Final=compileClasspath,implementationDependenciesMetadata,productionRuntimeClasspath,runtimeClasspath,testCompileClasspath,testImplementationDependenciesMetadata,testRuntimeClasspath
io.netty:netty-transport-native-kqueue:4.1.90.Final=compileClasspath,implementationDependenciesMetadata,productionRuntimeClasspath,runtimeClasspath,testCompileClasspath,testImplementationDependenciesMetadata,testRuntimeClasspath
io.netty:netty-transport-native-unix-common:4.1.90.Final=compileClasspath,implementationDependenciesMetadata,productionRuntimeClasspath,runtimeClasspath,testCompileClasspath,testImplementationDependenciesMetadata,testRuntimeClasspath
io.netty:netty-transport:4.1.90.Final=compileClasspath,implementationDependenciesMetadata,productionRuntimeClasspath,runtimeClasspath,testCompileClasspath,testImplementationDependenciesMetadata,testRuntimeClasspath
io.opentelemetry:opentelemetry-api:1.37.0=compileClasspath,implementationDependenciesMetadata,productionRuntimeClasspath,runtimeClasspath,testCompileClasspath,testImplementationDependenciesMetadata,testRuntimeClasspath
io.opentelemetry:opentelemetry-context:1.19.0=compileClasspath,implementationDependenciesMetadata,productionRuntimeClasspath,runtimeClasspath,testCompileClasspath,testImplementationDependenciesMetadata,testRuntimeClasspath
io.projectreactor.kotlin:reactor-kotlin-extensions:1.2.2=compileClasspath,implementationDependenciesMetadata,productionRuntimeClasspath,runtimeClasspath,testCompileClasspath,testImplementationDependenciesMetadata,testRuntimeClasspath
io.projectreactor.netty.incubator:reactor-netty-incubator-quic:0.1.5=productionRuntimeClasspath,runtimeClasspath,testRuntimeClasspath
io.projectreactor.netty:reactor-netty-core:1.1.5=compileClasspath,implementationDependenciesMetadata,productionRuntimeClasspath,runtimeClasspath,testCompileClasspath,testImplementationDependenciesMetadata,testRuntimeClasspath
io.projectreactor.netty:reactor-netty-http:1.1.5=compileClasspath,implementationDependenciesMetadata,productionRuntimeClasspath,runtimeClasspath,testCompileClasspath,testImplementationDependenciesMetadata,testRuntimeClasspath
io.projectreactor.netty:reactor-netty:1.1.5=compileClasspath,implementationDependenciesMetadata,productionRuntimeClasspath,runtimeClasspath,testCompileClasspath,testImplementationDependenciesMetadata,testRuntimeClasspath
io.projectreactor:reactor-core:3.5.4=compileClasspath,implementationDependenciesMetadata,productionRuntimeClasspath,runtimeClasspath,testCompileClasspath,testImplementationDependenciesMetadata,testRuntimeClasspath
io.projectreactor:reactor-test:3.5.4=testCompileClasspath,testImplementationDependenciesMetadata,testRuntimeClasspath
io.swagger.core.v3:swagger-annotations:2.2.8=compileClasspath,implementationDependenciesMetadata,productionRuntimeClasspath,runtimeClasspath,testCompileClasspath,testImplementationDependenciesMetadata,testRuntimeClasspath
io.swagger.core.v3:swagger-core:2.2.4=productionRuntimeClasspath,runtimeClasspath,testRuntimeClasspath
io.swagger.core.v3:swagger-models:2.2.4=productionRuntimeClasspath,runtimeClasspath,testRuntimeClasspath
io.swagger.parser.v3:swagger-parser-core:2.1.6=productionRuntimeClasspath,runtimeClasspath,testRuntimeClasspath
io.swagger.parser.v3:swagger-parser-v2-converter:2.1.6=productionRuntimeClasspath,runtimeClasspath,testRuntimeClasspath
io.swagger.parser.v3:swagger-parser-v3:2.1.6=productionRuntimeClasspath,runtimeClasspath,testRuntimeClasspath
io.swagger.parser.v3:swagger-parser:2.1.6=productionRuntimeClasspath,runtimeClasspath,testRuntimeClasspath
io.swagger:swagger-annotations:1.6.8=productionRuntimeClasspath,runtimeClasspath,testRuntimeClasspath
io.swagger:swagger-compat-spec-parser:1.0.63=productionRuntimeClasspath,runtimeClasspath,testRuntimeClasspath
io.swagger:swagger-core:1.6.8=productionRuntimeClasspath,runtimeClasspath,testRuntimeClasspath
io.swagger:swagger-models:1.6.8=productionRuntimeClasspath,runtimeClasspath,testRuntimeClasspath
io.swagger:swagger-parser:1.0.63=productionRuntimeClasspath,runtimeClasspath,testRuntimeClasspath
io.vavr:vavr-match:0.10.4=compileClasspath,implementationDependenciesMetadata,productionRuntimeClasspath,runtimeClasspath,testCompileClasspath,testImplementationDependenciesMetadata,testRuntimeClasspath
io.vavr:vavr:0.10.4=compileClasspath,implementationDependenciesMetadata,productionRuntimeClasspath,runtimeClasspath,testCompileClasspath,testImplementationDependenciesMetadata,testRuntimeClasspath
jakarta.activation:jakarta.activation-api:2.1.1=compileClasspath,implementationDependenciesMetadata,productionRuntimeClasspath,runtimeClasspath,testCompileClasspath,testImplementationDependenciesMetadata,testRuntimeClasspath
jakarta.annotation:jakarta.annotation-api:2.1.1=compileClasspath,implementationDependenciesMetadata,productionRuntimeClasspath,runtimeClasspath,testCompileClasspath,testImplementationDependenciesMetadata,testRuntimeClasspath
jakarta.validation:jakarta.validation-api:3.0.2=compileClasspath,implementationDependenciesMetadata,productionRuntimeClasspath,runtimeClasspath,testCompileClasspath,testImplementationDependenciesMetadata,testRuntimeClasspath
jakarta.xml.bind:jakarta.xml.bind-api:4.0.0=compileClasspath,implementationDependenciesMetadata,productionRuntimeClasspath,runtimeClasspath,testCompileClasspath,testImplementationDependenciesMetadata,testRuntimeClasspath
jakarta.xml.soap:jakarta.xml.soap-api:3.0.0=compileClasspath,implementationDependenciesMetadata,productionRuntimeClasspath,runtimeClasspath,testCompileClasspath,testImplementationDependenciesMetadata,testRuntimeClasspath
jakarta.xml.ws:jakarta.xml.ws-api:4.0.0=compileClasspath,implementationDependenciesMetadata,productionRuntimeClasspath,runtimeClasspath,testCompileClasspath,testImplementationDependenciesMetadata,testRuntimeClasspath
javax.annotation:javax.annotation-api:1.3.2=compileClasspath,implementationDependenciesMetadata,productionRuntimeClasspath,runtimeClasspath,testCompileClasspath,testImplementationDependenciesMetadata,testRuntimeClasspath
javax.validation:validation-api:1.1.0.Final=productionRuntimeClasspath,runtimeClasspath,testRuntimeClasspath
joda-time:joda-time:2.10.8=productionRuntimeClasspath,runtimeClasspath,testRuntimeClasspath
net.bytebuddy:byte-buddy-agent:1.12.23=testCompileClasspath,testImplementationDependenciesMetadata,testRuntimeClasspath
net.bytebuddy:byte-buddy:1.12.23=testCompileClasspath,testImplementationDependenciesMetadata,testRuntimeClasspath
net.java.dev.jna:jna-platform:5.6.0=compileClasspath,implementationDependenciesMetadata,productionRuntimeClasspath,runtimeClasspath,testCompileClasspath,testImplementationDependenciesMetadata,testRuntimeClasspath
net.java.dev.jna:jna:5.12.1=productionRuntimeClasspath,runtimeClasspath,testRuntimeClasspath
net.java.dev.jna:jna:5.6.0=compileClasspath,implementationDependenciesMetadata,kotlinCompilerClasspath,kotlinKlibCommonizerClasspath,testCompileClasspath,testImplementationDependenciesMetadata
net.minidev:accessors-smart:2.4.9=compileClasspath,implementationDependenciesMetadata,productionRuntimeClasspath,runtimeClasspath,testCompileClasspath,testImplementationDependenciesMetadata,testRuntimeClasspath
net.minidev:json-smart:2.4.10=compileClasspath,implementationDependenciesMetadata,productionRuntimeClasspath,runtimeClasspath,testCompileClasspath,testImplementationDependenciesMetadata,testRuntimeClasspath
net.sf.jopt-simple:jopt-simple:5.0.4=productionRuntimeClasspath,runtimeClasspath,testRuntimeClasspath
org.apache.commons:commons-lang3:3.12.0=compileClasspath,implementationDependenciesMetadata,productionRuntimeClasspath,runtimeClasspath,testCompileClasspath,testImplementationDependenciesMetadata,testRuntimeClasspath
org.apache.commons:commons-text:1.10.0=productionRuntimeClasspath,runtimeClasspath,testRuntimeClasspath
org.apache.httpcomponents:httpclient:4.5.14=compileClasspath,implementationDependenciesMetadata,productionRuntimeClasspath,runtimeClasspath,testCompileClasspath,testImplementationDependenciesMetadata,testRuntimeClasspath
org.apache.httpcomponents:httpcore:4.4.16=compileClasspath,implementationDependenciesMetadata,productionRuntimeClasspath,runtimeClasspath,testCompileClasspath,testImplementationDependenciesMetadata,testRuntimeClasspath
org.apache.logging.log4j:log4j-api:2.19.0=compileClasspath,implementationDependenciesMetadata,productionRuntimeClasspath,runtimeClasspath,testCompileClasspath,testImplementationDependenciesMetadata,testRuntimeClasspath
org.apache.logging.log4j:log4j-to-slf4j:2.19.0=compileClasspath,implementationDependenciesMetadata,productionRuntimeClasspath,runtimeClasspath,testCompileClasspath,testImplementationDependenciesMetadata,testRuntimeClasspath
org.apache.qpid:proton-j:0.33.8=compileClasspath,implementationDependenciesMetadata,productionRuntimeClasspath,runtimeClasspath,testCompileClasspath,testImplementationDependenciesMetadata,testRuntimeClasspath
org.apache.tomcat.embed:tomcat-embed-el:10.1.7=compileClasspath,implementationDependenciesMetadata,productionRuntimeClasspath,runtimeClasspath,testCompileClasspath,testImplementationDependenciesMetadata,testRuntimeClasspath
org.apiguardian:apiguardian-api:1.1.2=testCompileClasspath,testImplementationDependenciesMetadata
org.aspectj:aspectjweaver:1.9.19=compileClasspath,implementationDependenciesMetadata,productionRuntimeClasspath,runtimeClasspath,testCompileClasspath,testImplementationDependenciesMetadata,testRuntimeClasspath
org.assertj:assertj-core:3.23.1=testCompileClasspath,testImplementationDependenciesMetadata,testRuntimeClasspath
org.checkerframework:checker-qual:3.32.0=productionRuntimeClasspath,runtimeClasspath,testRuntimeClasspath
org.codehaus.woodstox:stax2-api:4.2.1=compileClasspath,implementationDependenciesMetadata,productionRuntimeClasspath,runtimeClasspath,testCompileClasspath,testImplementationDependenciesMetadata,testRuntimeClasspath
org.commonmark:commonmark:0.21.0=productionRuntimeClasspath,runtimeClasspath,testRuntimeClasspath
org.eclipse.angus:angus-activation:2.0.0=productionRuntimeClasspath,runtimeClasspath,testRuntimeClasspath
org.glassfish.jaxb:jaxb-core:4.0.2=compileClasspath,implementationDependenciesMetadata,productionRuntimeClasspath,runtimeClasspath,testCompileClasspath,testImplementationDependenciesMetadata,testRuntimeClasspath
org.glassfish.jaxb:jaxb-runtime:4.0.2=compileClasspath,implementationDependenciesMetadata,productionRuntimeClasspath,runtimeClasspath,testCompileClasspath,testImplementationDependenciesMetadata,testRuntimeClasspath
org.glassfish.jaxb:txw2:4.0.2=compileClasspath,implementationDependenciesMetadata,productionRuntimeClasspath,runtimeClasspath,testCompileClasspath,testImplementationDependenciesMetadata,testRuntimeClasspath
org.hamcrest:hamcrest:2.2=testCompileClasspath,testImplementationDependenciesMetadata,testRuntimeClasspath
org.hdrhistogram:HdrHistogram:2.1.12=compileClasspath,implementationDependenciesMetadata,productionRuntimeClasspath,runtimeClasspath,testCompileClasspath,testImplementationDependenciesMetadata,testRuntimeClasspath
org.hibernate.validator:hibernate-validator:8.0.0.Final=compileClasspath,implementationDependenciesMetadata,productionRuntimeClasspath,runtimeClasspath,testCompileClasspath,testImplementationDependenciesMetadata,testRuntimeClasspath
org.jacoco:org.jacoco.agent:0.8.8=jacocoAgent,jacocoAnt
org.jacoco:org.jacoco.ant:0.8.8=jacocoAnt
org.jacoco:org.jacoco.core:0.8.8=jacocoAnt
org.jacoco:org.jacoco.report:0.8.8=jacocoAnt
org.javatuples:javatuples:1.2=compileClasspath,implementationDependenciesMetadata,productionRuntimeClasspath,runtimeClasspath,testCompileClasspath,testImplementationDependenciesMetadata,testRuntimeClasspath
org.jboss.logging:jboss-logging:3.5.0.Final=compileClasspath,implementationDependenciesMetadata,productionRuntimeClasspath,runtimeClasspath,testCompileClasspath,testImplementationDependenciesMetadata,testRuntimeClasspath
org.jetbrains.intellij.deps:trove4j:1.0.20200330=kotlinCompilerClasspath,kotlinKlibCommonizerClasspath
org.jetbrains.kotlin:kotlin-allopen:1.8.10=kotlinCompilerPluginClasspathMain,kotlinCompilerPluginClasspathTest
org.jetbrains.kotlin:kotlin-compiler-embeddable:1.8.10=kotlinCompilerClasspath,kotlinKlibCommonizerClasspath
org.jetbrains.kotlin:kotlin-daemon-embeddable:1.8.10=kotlinCompilerClasspath,kotlinKlibCommonizerClasspath
org.jetbrains.kotlin:kotlin-gradle-plugin-api:1.8.10=kotlinCompilerPluginClasspathMain,kotlinCompilerPluginClasspathTest
org.jetbrains.kotlin:kotlin-gradle-plugin-model:1.8.10=kotlinCompilerPluginClasspathMain,kotlinCompilerPluginClasspathTest
org.jetbrains.kotlin:kotlin-klib-commonizer-embeddable:1.8.10=kotlinKlibCommonizerClasspath
org.jetbrains.kotlin:kotlin-native-utils:1.8.10=kotlinCompilerPluginClasspathMain,kotlinCompilerPluginClasspathTest
org.jetbrains.kotlin:kotlin-project-model:1.8.10=kotlinCompilerPluginClasspathMain,kotlinCompilerPluginClasspathTest
org.jetbrains.kotlin:kotlin-reflect:1.8.10=compileClasspath,implementationDependenciesMetadata,kotlinCompilerClasspath,kotlinKlibCommonizerClasspath,productionRuntimeClasspath,runtimeClasspath,testCompileClasspath,testImplementationDependenciesMetadata,testRuntimeClasspath
org.jetbrains.kotlin:kotlin-script-runtime:1.8.10=kotlinCompilerClasspath,kotlinCompilerPluginClasspathMain,kotlinCompilerPluginClasspathTest,kotlinKlibCommonizerClasspath
org.jetbrains.kotlin:kotlin-scripting-common:1.8.10=kotlinCompilerPluginClasspathMain,kotlinCompilerPluginClasspathTest
org.jetbrains.kotlin:kotlin-scripting-compiler-embeddable:1.8.10=kotlinCompilerPluginClasspathMain,kotlinCompilerPluginClasspathTest
org.jetbrains.kotlin:kotlin-scripting-compiler-impl-embeddable:1.8.10=kotlinCompilerPluginClasspathMain,kotlinCompilerPluginClasspathTest
org.jetbrains.kotlin:kotlin-scripting-jvm:1.8.10=kotlinCompilerPluginClasspathMain,kotlinCompilerPluginClasspathTest
org.jetbrains.kotlin:kotlin-stdlib-common:1.8.10=compileClasspath,implementationDependenciesMetadata,kotlinCompilerClasspath,kotlinCompilerPluginClasspathMain,kotlinCompilerPluginClasspathTest,kotlinKlibCommonizerClasspath,productionRuntimeClasspath,runtimeClasspath,testCompileClasspath,testImplementationDependenciesMetadata,testRuntimeClasspath
org.jetbrains.kotlin:kotlin-stdlib-jdk7:1.8.10=compileClasspath,implementationDependenciesMetadata,productionRuntimeClasspath,runtimeClasspath,testCompileClasspath,testImplementationDependenciesMetadata,testRuntimeClasspath
org.jetbrains.kotlin:kotlin-stdlib-jdk8:1.8.10=compileClasspath,implementationDependenciesMetadata,productionRuntimeClasspath,runtimeClasspath,testCompileClasspath,testImplementationDependenciesMetadata,testRuntimeClasspath
org.jetbrains.kotlin:kotlin-stdlib:1.8.10=compileClasspath,implementationDependenciesMetadata,kotlinCompilerClasspath,kotlinCompilerPluginClasspathMain,kotlinCompilerPluginClasspathTest,kotlinKlibCommonizerClasspath,productionRuntimeClasspath,runtimeClasspath,testCompileClasspath,testImplementationDependenciesMetadata,testRuntimeClasspath
org.jetbrains.kotlin:kotlin-tooling-core:1.8.10=kotlinCompilerPluginClasspathMain,kotlinCompilerPluginClasspathTest
org.jetbrains.kotlin:kotlin-util-io:1.8.10=kotlinCompilerPluginClasspathMain,kotlinCompilerPluginClasspathTest
org.jetbrains.kotlinx:atomicfu:0.17.3=implementationDependenciesMetadata,testImplementationDependenciesMetadata
org.jetbrains.kotlinx:kotlinx-coroutines-bom:1.6.4=compileClasspath,implementationDependenciesMetadata,productionRuntimeClasspath,runtimeClasspath,testCompileClasspath,testImplementationDependenciesMetadata,testRuntimeClasspath
org.jetbrains.kotlinx:kotlinx-coroutines-core-jvm:1.6.4=compileClasspath,productionRuntimeClasspath,runtimeClasspath,testCompileClasspath,testRuntimeClasspath
org.jetbrains.kotlinx:kotlinx-coroutines-core:1.6.4=compileClasspath,implementationDependenciesMetadata,productionRuntimeClasspath,runtimeClasspath,testCompileClasspath,testImplementationDependenciesMetadata,testRuntimeClasspath
org.jetbrains.kotlinx:kotlinx-coroutines-reactive:1.6.4=compileClasspath,implementationDependenciesMetadata,productionRuntimeClasspath,runtimeClasspath,testCompileClasspath,testImplementationDependenciesMetadata,testRuntimeClasspath
org.jetbrains.kotlinx:kotlinx-coroutines-reactor:1.6.4=compileClasspath,implementationDependenciesMetadata,productionRuntimeClasspath,runtimeClasspath,testCompileClasspath,testImplementationDependenciesMetadata,testRuntimeClasspath
org.jetbrains.kotlinx:kotlinx-coroutines-test-jvm:1.6.4=testCompileClasspath,testRuntimeClasspath
org.jetbrains.kotlinx:kotlinx-coroutines-test:1.6.4=testCompileClasspath,testImplementationDependenciesMetadata,testRuntimeClasspath
org.jetbrains:annotations:13.0=compileClasspath,implementationDependenciesMetadata,kotlinCompilerClasspath,kotlinCompilerPluginClasspathMain,kotlinCompilerPluginClasspathTest,kotlinKlibCommonizerClasspath,productionRuntimeClasspath,runtimeClasspath,testCompileClasspath,testImplementationDependenciesMetadata,testRuntimeClasspath
org.junit.jupiter:junit-jupiter-api:5.9.2=testCompileClasspath,testImplementationDependenciesMetadata,testRuntimeClasspath
org.junit.jupiter:junit-jupiter-engine:5.9.2=testRuntimeClasspath
org.junit.jupiter:junit-jupiter-params:5.9.2=testCompileClasspath,testImplementationDependenciesMetadata,testRuntimeClasspath
org.junit.jupiter:junit-jupiter:5.9.2=testCompileClasspath,testImplementationDependenciesMetadata,testRuntimeClasspath
org.junit.platform:junit-platform-commons:1.9.2=testCompileClasspath,testImplementationDependenciesMetadata,testRuntimeClasspath
org.junit.platform:junit-platform-engine:1.9.2=testRuntimeClasspath
org.junit:junit-bom:5.9.2=testCompileClasspath,testImplementationDependenciesMetadata,testRuntimeClasspath
org.jvnet.staxex:stax-ex:2.1.0=compileClasspath,implementationDependenciesMetadata,productionRuntimeClasspath,runtimeClasspath,testCompileClasspath,testImplementationDependenciesMetadata,testRuntimeClasspath
org.latencyutils:LatencyUtils:2.0.3=productionRuntimeClasspath,runtimeClasspath,testRuntimeClasspath
org.mockito.kotlin:mockito-kotlin:4.0.0=testCompileClasspath,testImplementationDependenciesMetadata,testRuntimeClasspath
org.mockito:mockito-core:4.8.1=testCompileClasspath,testImplementationDependenciesMetadata,testRuntimeClasspath
org.mockito:mockito-inline:4.8.1=testCompileClasspath,testImplementationDependenciesMetadata,testRuntimeClasspath
org.mockito:mockito-junit-jupiter:4.8.1=testCompileClasspath,testImplementationDependenciesMetadata,testRuntimeClasspath
org.mongodb:bson-record-codec:4.8.2=productionRuntimeClasspath,runtimeClasspath,testRuntimeClasspath
org.mongodb:bson:4.8.2=compileClasspath,implementationDependenciesMetadata,productionRuntimeClasspath,runtimeClasspath,testCompileClasspath,testImplementationDependenciesMetadata,testRuntimeClasspath
org.mongodb:mongodb-driver-core:4.8.2=compileClasspath,implementationDependenciesMetadata,productionRuntimeClasspath,runtimeClasspath,testCompileClasspath,testImplementationDependenciesMetadata,testRuntimeClasspath
org.mongodb:mongodb-driver-reactivestreams:4.8.2=compileClasspath,implementationDependenciesMetadata,productionRuntimeClasspath,runtimeClasspath,testCompileClasspath,testImplementationDependenciesMetadata,testRuntimeClasspath
org.mozilla:rhino:1.7.7.2=productionRuntimeClasspath,runtimeClasspath,testRuntimeClasspath
org.objenesis:objenesis:3.2=testRuntimeClasspath
org.openapitools:jackson-databind-nullable:0.2.6=compileClasspath,implementationDependenciesMetadata,productionRuntimeClasspath,runtimeClasspath,testCompileClasspath,testImplementationDependenciesMetadata,testRuntimeClasspath
org.openapitools:openapi-generator-core:6.5.0=productionRuntimeClasspath,runtimeClasspath,testRuntimeClasspath
org.openapitools:openapi-generator-gradle-plugin:6.5.0=compileClasspath,implementationDependenciesMetadata,productionRuntimeClasspath,runtimeClasspath,testCompileClasspath,testImplementationDependenciesMetadata,testRuntimeClasspath
org.openapitools:openapi-generator:6.5.0=productionRuntimeClasspath,runtimeClasspath,testRuntimeClasspath
org.opentest4j:opentest4j:1.2.0=testCompileClasspath,testImplementationDependenciesMetadata,testRuntimeClasspath
org.ow2.asm:asm-analysis:9.2=jacocoAnt
org.ow2.asm:asm-commons:9.2=jacocoAnt
org.ow2.asm:asm-tree:9.2=jacocoAnt
org.ow2.asm:asm:9.2=jacocoAnt
org.ow2.asm:asm:9.3=compileClasspath,implementationDependenciesMetadata,productionRuntimeClasspath,runtimeClasspath,testCompileClasspath,testImplementationDependenciesMetadata,testRuntimeClasspath
org.projectlombok:lombok:1.18.26=compileClasspath,implementationDependenciesMetadata,productionRuntimeClasspath,runtimeClasspath,testCompileClasspath,testImplementationDependenciesMetadata,testRuntimeClasspath
org.reactivestreams:reactive-streams:1.0.4=compileClasspath,implementationDependenciesMetadata,productionRuntimeClasspath,runtimeClasspath,testCompileClasspath,testImplementationDependenciesMetadata,testRuntimeClasspath
org.skyscreamer:jsonassert:1.5.1=testCompileClasspath,testImplementationDependenciesMetadata,testRuntimeClasspath
org.slf4j:jul-to-slf4j:2.0.7=compileClasspath,implementationDependenciesMetadata,productionRuntimeClasspath,runtimeClasspath,testCompileClasspath,testImplementationDependenciesMetadata,testRuntimeClasspath
org.slf4j:slf4j-api:2.0.7=compileClasspath,implementationDependenciesMetadata,productionRuntimeClasspath,runtimeClasspath,testCompileClasspath,testImplementationDependenciesMetadata,testRuntimeClasspath
org.slf4j:slf4j-ext:2.0.7=productionRuntimeClasspath,runtimeClasspath,testRuntimeClasspath
org.springframework.boot:spring-boot-actuator-autoconfigure:3.0.5=compileClasspath,implementationDependenciesMetadata,productionRuntimeClasspath,runtimeClasspath,testCompileClasspath,testImplementationDependenciesMetadata,testRuntimeClasspath
org.springframework.boot:spring-boot-actuator:3.0.5=compileClasspath,implementationDependenciesMetadata,productionRuntimeClasspath,runtimeClasspath,testCompileClasspath,testImplementationDependenciesMetadata,testRuntimeClasspath
org.springframework.boot:spring-boot-autoconfigure:3.0.5=compileClasspath,implementationDependenciesMetadata,productionRuntimeClasspath,runtimeClasspath,runtimeOnlyDependenciesMetadata,testCompileClasspath,testImplementationDependenciesMetadata,testRuntimeClasspath,testRuntimeOnlyDependenciesMetadata
org.springframework.boot:spring-boot-devtools:3.0.5=productionRuntimeClasspath,runtimeClasspath,runtimeOnlyDependenciesMetadata,testRuntimeClasspath,testRuntimeOnlyDependenciesMetadata
org.springframework.boot:spring-boot-starter-actuator:3.0.5=compileClasspath,implementationDependenciesMetadata,productionRuntimeClasspath,runtimeClasspath,testCompileClasspath,testImplementationDependenciesMetadata,testRuntimeClasspath
org.springframework.boot:spring-boot-starter-aop:3.0.5=compileClasspath,implementationDependenciesMetadata,productionRuntimeClasspath,runtimeClasspath,testCompileClasspath,testImplementationDependenciesMetadata,testRuntimeClasspath
org.springframework.boot:spring-boot-starter-data-mongodb-reactive:3.0.5=compileClasspath,implementationDependenciesMetadata,productionRuntimeClasspath,runtimeClasspath,testCompileClasspath,testImplementationDependenciesMetadata,testRuntimeClasspath
org.springframework.boot:spring-boot-starter-data-redis:3.0.5=compileClasspath,implementationDependenciesMetadata,productionRuntimeClasspath,runtimeClasspath,testCompileClasspath,testImplementationDependenciesMetadata,testRuntimeClasspath
org.springframework.boot:spring-boot-starter-json:3.0.5=compileClasspath,implementationDependenciesMetadata,productionRuntimeClasspath,runtimeClasspath,testCompileClasspath,testImplementationDependenciesMetadata,testRuntimeClasspath
org.springframework.boot:spring-boot-starter-logging:3.0.5=compileClasspath,implementationDependenciesMetadata,productionRuntimeClasspath,runtimeClasspath,testCompileClasspath,testImplementationDependenciesMetadata,testRuntimeClasspath
org.springframework.boot:spring-boot-starter-reactor-netty:3.0.5=compileClasspath,implementationDependenciesMetadata,productionRuntimeClasspath,runtimeClasspath,testCompileClasspath,testImplementationDependenciesMetadata,testRuntimeClasspath
org.springframework.boot:spring-boot-starter-test:3.0.5=testCompileClasspath,testImplementationDependenciesMetadata,testRuntimeClasspath
org.springframework.boot:spring-boot-starter-validation:3.0.5=compileClasspath,implementationDependenciesMetadata,productionRuntimeClasspath,runtimeClasspath,testCompileClasspath,testImplementationDependenciesMetadata,testRuntimeClasspath
org.springframework.boot:spring-boot-starter-web-services:3.0.5=compileClasspath,implementationDependenciesMetadata,productionRuntimeClasspath,runtimeClasspath,testCompileClasspath,testImplementationDependenciesMetadata,testRuntimeClasspath
org.springframework.boot:spring-boot-starter-webflux:3.0.5=compileClasspath,implementationDependenciesMetadata,productionRuntimeClasspath,runtimeClasspath,testCompileClasspath,testImplementationDependenciesMetadata,testRuntimeClasspath
org.springframework.boot:spring-boot-starter:3.0.5=compileClasspath,implementationDependenciesMetadata,productionRuntimeClasspath,runtimeClasspath,testCompileClasspath,testImplementationDependenciesMetadata,testRuntimeClasspath
org.springframework.boot:spring-boot-test-autoconfigure:3.0.5=testCompileClasspath,testImplementationDependenciesMetadata,testRuntimeClasspath
org.springframework.boot:spring-boot-test:3.0.5=testCompileClasspath,testImplementationDependenciesMetadata,testRuntimeClasspath
org.springframework.boot:spring-boot:3.0.5=compileClasspath,implementationDependenciesMetadata,productionRuntimeClasspath,runtimeClasspath,runtimeOnlyDependenciesMetadata,testCompileClasspath,testImplementationDependenciesMetadata,testRuntimeClasspath,testRuntimeOnlyDependenciesMetadata
org.springframework.data:spring-data-commons:3.0.4=compileClasspath,implementationDependenciesMetadata,productionRuntimeClasspath,runtimeClasspath,testCompileClasspath,testImplementationDependenciesMetadata,testRuntimeClasspath
org.springframework.data:spring-data-keyvalue:3.0.4=compileClasspath,implementationDependenciesMetadata,productionRuntimeClasspath,runtimeClasspath,testCompileClasspath,testImplementationDependenciesMetadata,testRuntimeClasspath
org.springframework.data:spring-data-mongodb:4.0.4=compileClasspath,implementationDependenciesMetadata,productionRuntimeClasspath,runtimeClasspath,testCompileClasspath,testImplementationDependenciesMetadata,testRuntimeClasspath
org.springframework.data:spring-data-redis:3.0.4=compileClasspath,implementationDependenciesMetadata,productionRuntimeClasspath,runtimeClasspath,testCompileClasspath,testImplementationDependenciesMetadata,testRuntimeClasspath
org.springframework.ws:spring-ws-core:4.0.2=compileClasspath,implementationDependenciesMetadata,productionRuntimeClasspath,runtimeClasspath,testCompileClasspath,testImplementationDependenciesMetadata,testRuntimeClasspath
org.springframework.ws:spring-xml:4.0.2=compileClasspath,implementationDependenciesMetadata,productionRuntimeClasspath,runtimeClasspath,testCompileClasspath,testImplementationDependenciesMetadata,testRuntimeClasspath
org.springframework:spring-aop:6.0.7=compileClasspath,implementationDependenciesMetadata,productionRuntimeClasspath,runtimeClasspath,runtimeOnlyDependenciesMetadata,testCompileClasspath,testImplementationDependenciesMetadata,testRuntimeClasspath,testRuntimeOnlyDependenciesMetadata
org.springframework:spring-beans:6.0.7=compileClasspath,implementationDependenciesMetadata,productionRuntimeClasspath,runtimeClasspath,runtimeOnlyDependenciesMetadata,testCompileClasspath,testImplementationDependenciesMetadata,testRuntimeClasspath,testRuntimeOnlyDependenciesMetadata
org.springframework:spring-context-support:6.0.7=compileClasspath,implementationDependenciesMetadata,productionRuntimeClasspath,runtimeClasspath,testCompileClasspath,testImplementationDependenciesMetadata,testRuntimeClasspath
org.springframework:spring-context:6.0.7=compileClasspath,implementationDependenciesMetadata,productionRuntimeClasspath,runtimeClasspath,runtimeOnlyDependenciesMetadata,testCompileClasspath,testImplementationDependenciesMetadata,testRuntimeClasspath,testRuntimeOnlyDependenciesMetadata
org.springframework:spring-core:6.0.7=compileClasspath,implementationDependenciesMetadata,productionRuntimeClasspath,runtimeClasspath,runtimeOnlyDependenciesMetadata,testCompileClasspath,testImplementationDependenciesMetadata,testRuntimeClasspath,testRuntimeOnlyDependenciesMetadata
org.springframework:spring-expression:6.0.7=compileClasspath,implementationDependenciesMetadata,productionRuntimeClasspath,runtimeClasspath,runtimeOnlyDependenciesMetadata,testCompileClasspath,testImplementationDependenciesMetadata,testRuntimeClasspath,testRuntimeOnlyDependenciesMetadata
org.springframework:spring-jcl:6.0.7=compileClasspath,implementationDependenciesMetadata,productionRuntimeClasspath,runtimeClasspath,runtimeOnlyDependenciesMetadata,testCompileClasspath,testImplementationDependenciesMetadata,testRuntimeClasspath,testRuntimeOnlyDependenciesMetadata
org.springframework:spring-oxm:6.0.7=compileClasspath,implementationDependenciesMetadata,productionRuntimeClasspath,runtimeClasspath,testCompileClasspath,testImplementationDependenciesMetadata,testRuntimeClasspath
org.springframework:spring-test:6.0.7=testCompileClasspath,testImplementationDependenciesMetadata,testRuntimeClasspath
org.springframework:spring-tx:6.0.7=compileClasspath,implementationDependenciesMetadata,productionRuntimeClasspath,runtimeClasspath,testCompileClasspath,testImplementationDependenciesMetadata,testRuntimeClasspath
org.springframework:spring-web:6.0.7=compileClasspath,implementationDependenciesMetadata,productionRuntimeClasspath,runtimeClasspath,testCompileClasspath,testImplementationDependenciesMetadata,testRuntimeClasspath
org.springframework:spring-webflux:6.0.7=compileClasspath,implementationDependenciesMetadata,productionRuntimeClasspath,runtimeClasspath,testCompileClasspath,testImplementationDependenciesMetadata,testRuntimeClasspath
org.springframework:spring-webmvc:6.0.7=compileClasspath,implementationDependenciesMetadata,productionRuntimeClasspath,runtimeClasspath,testCompileClasspath,testImplementationDependenciesMetadata,testRuntimeClasspath
org.threeten:threetenbp:1.5.1=productionRuntimeClasspath,runtimeClasspath,testRuntimeClasspath
org.xmlunit:xmlunit-core:2.9.1=testCompileClasspath,testImplementationDependenciesMetadata,testRuntimeClasspath
org.yaml:snakeyaml:1.33=compileClasspath,implementationDependenciesMetadata,productionRuntimeClasspath,runtimeClasspath,testCompileClasspath,testImplementationDependenciesMetadata,testRuntimeClasspath
empty=annotationProcessor,apiDependenciesMetadata,compileOnlyDependenciesMetadata,developmentOnly,intransitiveDependenciesMetadata,kotlinCompilerPluginClasspath,kotlinNativeCompilerPluginClasspath,kotlinScriptDef,kotlinScriptDefExtensions,testAnnotationProcessor,testApiDependenciesMetadata,testCompileOnlyDependenciesMetadata,testIntransitiveDependenciesMetadata,testKotlinScriptDef,testKotlinScriptDefExtensions
